<Solution>
  <Folder Name="/src/">
    <Project Path="src/Mirage.Client.Core/Mirage.Client.Core.csproj" />
    <Project Path="src/Mirage.Client.Shell/Mirage.Client.Shell.csproj" />
    <Project Path="src/Mirage.Client.Core.Tests/Mirage.Client.Core.Tests.csproj" />
    <Project Path="src/Mirage.Client.Shell.Tests/Mirage.Client.Shell.Tests.csproj" />
  </Folder>
  <Folder Name="/Publish/">
    <Project Path="Mirage.Client.Publish.csproj" />
  </Folder>
</Solution>
