<Solution>
  <Folder Name="/Server/">
    <Project Path="server/src/Mirage.Shared/Mirage.Shared.csproj" />
    <Project Path="server/src/Mirage.Server.Core/Mirage.Server.Core.csproj" />
    <Project Path="server/src/Mirage.Server.Host/Mirage.Server.Host.csproj" />
    <Project Path="server/src/Mirage.Server.Shell/Mirage.Server.Shell.csproj" />
  </Folder>
  <Folder Name="/Client/">
    <Project Path="client/src/Mirage.Client.Core/Mirage.Client.Core.csproj" />
    <Project Path="client/src/Mirage.Client.Shell/Mirage.Client.Shell.csproj" />
  </Folder>
  <Folder Name="/Editor/">
    <Project Path="editor/src/Mirage.Editor/Mirage.Editor.csproj" />
  </Folder>
  <Folder Name="/Tests/">
    <Project Path="Mirage.Test.csproj" />
    <Project Path="server/Mirage.Server.Test.csproj" />
    <Project Path="client/Mirage.Client.Test.csproj" />
    <Project Path="editor/Mirage.Editor.Test.csproj" />
    <Project Path="tests/Mirage.Server.Tests/Mirage.Server.Tests.csproj" />
    <Project Path="tests/Mirage.Server.Shell.Tests/Mirage.Server.Shell.Tests.csproj" />
    <Project Path="tests/Mirage.Client.Core.Tests/Mirage.Client.Core.Tests.csproj" />
    <Project Path="tests/Mirage.Client.Shell.Tests/Mirage.Client.Shell.Tests.csproj" />
    <Project Path="tests/Mirage.Editor.Tests/Mirage.Editor.Tests.csproj" />
  </Folder>
  <Folder Name="/Publish/">
    <Project Path="Mirage.Publish.csproj" />
    <Project Path="server/Mirage.Server.Publish.csproj" />
    <Project Path="client/Mirage.Client.Publish.csproj" />
    <Project Path="editor/Mirage.Editor.Publish.csproj" />
  </Folder>
</Solution>
