<Solution>
  <Folder Name="/src/">
    <Project Path="src/Mirage.Server.Core/Mirage.Server.Core.csproj" />
    <Project Path="src/Mirage.Server.Host/Mirage.Server.Host.csproj" />
    <Project Path="src/Mirage.Shared/Mirage.Shared.csproj" />
  </Folder>
  <Folder Name="/Tests/">
    <Project Path="../tests/Mirage.Server.Tests/Mirage.Server.Tests.csproj" />
    <Project Path="Mirage.Server.Test.csproj" />
  </Folder>
  <Folder Name="/Publish/">
    <Project Path="Mirage.Server.Publish.csproj" />
  </Folder>
</Solution>
