<Solution>
  <Folder Name="/src/">
    <Project Path="src/Mirage.Server.Core/Mirage.Server.Core.csproj" />
    <Project Path="src/Mirage.Server.Host/Mirage.Server.Host.csproj" />
    <Project Path="src/Mirage.Server.Shell/Mirage.Server.Shell.csproj" />
  </Folder>
  <Folder Name="/Shared/">
    <Project Path="../shared/src/Mirage.Shared/Mirage.Shared.csproj" />
    <Project Path="../shared/src/Mirage.Ui/Mirage.Ui.csproj" />
    <Project Path="../shared/src/Mirage.Updates/Mirage.Updates.csproj" />
  </Folder>
  <Folder Name="/Tests/">
    <Project Path="../tests/Mirage.Server.Test.csproj" />
    <Project Path="../tests/src/Mirage.Server.Tests/Mirage.Server.Tests.csproj" />
    <Project Path="../tests/src/Mirage.Server.Shell.Tests/Mirage.Server.Shell.Tests.csproj" />
  </Folder>
  <Folder Name="/Publish/">
    <Project Path="../publish/Mirage.Server.Publish.csproj" />
  </Folder>
</Solution>
